
Microsoft Visual Studio Solution File, Format Version 12.00
# Visual Studio Version 16
VisualStudioVersion = 16.0.29020.237
MinimumVisualStudioVersion = 10.0.40219.1
Project("{F184B08F-C81C-45F6-A57F-5ABD9991F28F}") = "sml2gpx", "sml2gpx\sml2gpx.vbproj", "{1C7BF393-8761-43C6-A2AF-E274D2E4DAC2}"
EndProject
Global
	GlobalSection(SolutionConfigurationPlatforms) = preSolution
		Debug|Any CPU = Debug|Any CPU
		Release|Any CPU = Release|Any CPU
	EndGlobalSection
	GlobalSection(ProjectConfigurationPlatforms) = postSolution
		{1C7BF393-8761-43C6-A2AF-E274D2E4DAC2}.Debug|Any CPU.ActiveCfg = Debug|Any CPU
		{1C7BF393-8761-43C6-A2AF-E274D2E4DAC2}.Debug|Any CPU.Build.0 = Debug|Any CPU
		{1C7BF393-8761-43C6-A2AF-E274D2E4DAC2}.Release|Any CPU.ActiveCfg = Release|Any CPU
		{1C7BF393-8761-43C6-A2AF-E274D2E4DAC2}.Release|Any CPU.Build.0 = Release|Any CPU
	EndGlobalSection
	GlobalSection(SolutionProperties) = preSolution
		HideSolutionNode = FALSE
	EndGlobalSection
	GlobalSection(ExtensibilityGlobals) = postSolution
		SolutionGuid = {4E2F1582-03AF-4526-9BD8-1A01F3426421}
	EndGlobalSection
EndGlobal
